
Microsoft Visual Studio Solution File, Format Version 12.00
# Visual Studio Version 16
VisualStudioVersion = 16.0.29613.14
MinimumVisualStudioVersion = 10.0.40219.1
Project("{9A19103F-16F7-4668-BE54-9A1E7A4F7556}") = "CommonUtils", "CommonUtils\CommonUtils.csproj", "{8F8A4F0D-AD41-4DE9-8658-4C2F32DD0B06}"
EndProject
Project("{9A19103F-16F7-4668-BE54-9A1E7A4F7556}") = "CommonUtils.Core-2.2", "CommonUtils.Core-2.2\CommonUtils.Core-2.2.csproj", "{679664DB-74EF-4341-807F-EF0F3F20C7C1}"
EndProject
Project("{9A19103F-16F7-4668-BE54-9A1E7A4F7556}") = "CommonUtils.Core-2.2.Test", "CommonUtils.Core-2.2.Test\CommonUtils.Core-2.2.Test.csproj", "{982EAF52-F3E9-45D1-853C-D2CEF2A3AD32}"
EndProject
Project("{9A19103F-16F7-4668-BE54-9A1E7A4F7556}") = "CommonUtils.Core-3.0", "CommonUtils.Core-3.0\CommonUtils.Core-3.0.csproj", "{2AEB2E2A-D687-4083-BA31-2F546196A27D}"
EndProject
Project("{9A19103F-16F7-4668-BE54-9A1E7A4F7556}") = "CommonUtils.Core-3.0.Test", "CommonUtils.Core-3.0.Test\CommonUtils.Core-3.0.Test.csproj", "{34B42A1D-553A-4FCA-8F19-1BE91461C542}"
EndProject
Project("{FAE04EC0-301F-11D3-BF4B-00C04F79EFBC}") = "CommonUtils.Framework", "CommonUtils.Framework\CommonUtils.Framework.csproj", "{0A1C8C00-DED3-4BF8-A9DF-36D6F0652BC6}"
EndProject
Project("{FAE04EC0-301F-11D3-BF4B-00C04F79EFBC}") = "CommonUtils.Framework.Test", "CommonUtils.Framework.Test\CommonUtils.Framework.Test.csproj", "{1A4CFB16-9160-46C6-8D5D-AD373C050504}"
EndProject
Project("{9A19103F-16F7-4668-BE54-9A1E7A4F7556}") = "CommonUtils.Core-3.0.Wpf", "CommonUtils.Core-3.0.Wpf\CommonUtils.Core-3.0.Wpf.csproj", "{ECDF3C02-5ECE-4A7E-AF6F-5D59AAFAD8AC}"
EndProject
Project("{9A19103F-16F7-4668-BE54-9A1E7A4F7556}") = "CommonUtils.Core-3.0.Wpf.Test", "CommonUtils.Core-3.0.Wpf.Test\CommonUtils.Core-3.0.Wpf.Test.csproj", "{16B555C0-A9A8-4F41-AD7B-6B5F7FD9E589}"
EndProject
Project("{9A19103F-16F7-4668-BE54-9A1E7A4F7556}") = "CommonUtils.Test", "CommonUtils.Test\CommonUtils.Test.csproj", "{DCE12B7D-A939-40DD-A944-4C62440C9E9B}"
EndProject
Project("{9A19103F-16F7-4668-BE54-9A1E7A4F7556}") = "CommonUtils.Core-2.2.Web.Test", "CommonUtils.Core-2.2.Web.Test\CommonUtils.Core-2.2.Web.Test.csproj", "{DE73386E-5303-4EC1-89F9-F3E822206D1B}"
EndProject
Project("{9A19103F-16F7-4668-BE54-9A1E7A4F7556}") = "CommonUtils.Core-3.0.Web.Test", "CommonUtils.Core-3.0.Web.Test\CommonUtils.Core-3.0.Web.Test.csproj", "{224351A8-4430-4996-9464-D4A205D273DA}"
EndProject
Project("{FAE04EC0-301F-11D3-BF4B-00C04F79EFBC}") = "CommonUtils.Framework.Wpf.Test", "CommonUtils.Framework.Wpf.Test\CommonUtils.Framework.Wpf.Test.csproj", "{D52ECD55-9CC9-4EF1-A0CE-286EDC5E991F}"
EndProject
Global
	GlobalSection(SolutionConfigurationPlatforms) = preSolution
		Debug|Any CPU = Debug|Any CPU
		Release|Any CPU = Release|Any CPU
		Test|Any CPU = Test|Any CPU
	EndGlobalSection
	GlobalSection(ProjectConfigurationPlatforms) = postSolution
		{8F8A4F0D-AD41-4DE9-8658-4C2F32DD0B06}.Debug|Any CPU.ActiveCfg = Debug|Any CPU
		{8F8A4F0D-AD41-4DE9-8658-4C2F32DD0B06}.Debug|Any CPU.Build.0 = Debug|Any CPU
		{8F8A4F0D-AD41-4DE9-8658-4C2F32DD0B06}.Release|Any CPU.ActiveCfg = Release|Any CPU
		{8F8A4F0D-AD41-4DE9-8658-4C2F32DD0B06}.Release|Any CPU.Build.0 = Release|Any CPU
		{8F8A4F0D-AD41-4DE9-8658-4C2F32DD0B06}.Test|Any CPU.ActiveCfg = Release|Any CPU
		{8F8A4F0D-AD41-4DE9-8658-4C2F32DD0B06}.Test|Any CPU.Build.0 = Release|Any CPU
		{679664DB-74EF-4341-807F-EF0F3F20C7C1}.Debug|Any CPU.ActiveCfg = Debug|Any CPU
		{679664DB-74EF-4341-807F-EF0F3F20C7C1}.Debug|Any CPU.Build.0 = Debug|Any CPU
		{679664DB-74EF-4341-807F-EF0F3F20C7C1}.Release|Any CPU.ActiveCfg = Release|Any CPU
		{679664DB-74EF-4341-807F-EF0F3F20C7C1}.Release|Any CPU.Build.0 = Release|Any CPU
		{679664DB-74EF-4341-807F-EF0F3F20C7C1}.Test|Any CPU.ActiveCfg = Release|Any CPU
		{679664DB-74EF-4341-807F-EF0F3F20C7C1}.Test|Any CPU.Build.0 = Release|Any CPU
		{982EAF52-F3E9-45D1-853C-D2CEF2A3AD32}.Debug|Any CPU.ActiveCfg = Debug|Any CPU
		{982EAF52-F3E9-45D1-853C-D2CEF2A3AD32}.Debug|Any CPU.Build.0 = Debug|Any CPU
		{982EAF52-F3E9-45D1-853C-D2CEF2A3AD32}.Release|Any CPU.ActiveCfg = Release|Any CPU
		{982EAF52-F3E9-45D1-853C-D2CEF2A3AD32}.Release|Any CPU.Build.0 = Release|Any CPU
		{982EAF52-F3E9-45D1-853C-D2CEF2A3AD32}.Test|Any CPU.ActiveCfg = Release|Any CPU
		{982EAF52-F3E9-45D1-853C-D2CEF2A3AD32}.Test|Any CPU.Build.0 = Release|Any CPU
		{2AEB2E2A-D687-4083-BA31-2F546196A27D}.Debug|Any CPU.ActiveCfg = Debug|Any CPU
		{2AEB2E2A-D687-4083-BA31-2F546196A27D}.Debug|Any CPU.Build.0 = Debug|Any CPU
		{2AEB2E2A-D687-4083-BA31-2F546196A27D}.Release|Any CPU.ActiveCfg = Release|Any CPU
		{2AEB2E2A-D687-4083-BA31-2F546196A27D}.Release|Any CPU.Build.0 = Release|Any CPU
		{2AEB2E2A-D687-4083-BA31-2F546196A27D}.Test|Any CPU.ActiveCfg = Release|Any CPU
		{2AEB2E2A-D687-4083-BA31-2F546196A27D}.Test|Any CPU.Build.0 = Release|Any CPU
		{34B42A1D-553A-4FCA-8F19-1BE91461C542}.Debug|Any CPU.ActiveCfg = Debug|Any CPU
		{34B42A1D-553A-4FCA-8F19-1BE91461C542}.Debug|Any CPU.Build.0 = Debug|Any CPU
		{34B42A1D-553A-4FCA-8F19-1BE91461C542}.Release|Any CPU.ActiveCfg = Release|Any CPU
		{34B42A1D-553A-4FCA-8F19-1BE91461C542}.Release|Any CPU.Build.0 = Release|Any CPU
		{34B42A1D-553A-4FCA-8F19-1BE91461C542}.Test|Any CPU.ActiveCfg = Release|Any CPU
		{34B42A1D-553A-4FCA-8F19-1BE91461C542}.Test|Any CPU.Build.0 = Release|Any CPU
		{0A1C8C00-DED3-4BF8-A9DF-36D6F0652BC6}.Debug|Any CPU.ActiveCfg = Debug|Any CPU
		{0A1C8C00-DED3-4BF8-A9DF-36D6F0652BC6}.Debug|Any CPU.Build.0 = Debug|Any CPU
		{0A1C8C00-DED3-4BF8-A9DF-36D6F0652BC6}.Release|Any CPU.ActiveCfg = Release|Any CPU
		{0A1C8C00-DED3-4BF8-A9DF-36D6F0652BC6}.Release|Any CPU.Build.0 = Release|Any CPU
		{0A1C8C00-DED3-4BF8-A9DF-36D6F0652BC6}.Test|Any CPU.ActiveCfg = Test|Any CPU
		{0A1C8C00-DED3-4BF8-A9DF-36D6F0652BC6}.Test|Any CPU.Build.0 = Test|Any CPU
		{1A4CFB16-9160-46C6-8D5D-AD373C050504}.Debug|Any CPU.ActiveCfg = Debug|Any CPU
		{1A4CFB16-9160-46C6-8D5D-AD373C050504}.Debug|Any CPU.Build.0 = Debug|Any CPU
		{1A4CFB16-9160-46C6-8D5D-AD373C050504}.Release|Any CPU.ActiveCfg = Release|Any CPU
		{1A4CFB16-9160-46C6-8D5D-AD373C050504}.Release|Any CPU.Build.0 = Release|Any CPU
		{1A4CFB16-9160-46C6-8D5D-AD373C050504}.Test|Any CPU.ActiveCfg = Release|Any CPU
		{1A4CFB16-9160-46C6-8D5D-AD373C050504}.Test|Any CPU.Build.0 = Release|Any CPU
		{ECDF3C02-5ECE-4A7E-AF6F-5D59AAFAD8AC}.Debug|Any CPU.ActiveCfg = Debug|Any CPU
		{ECDF3C02-5ECE-4A7E-AF6F-5D59AAFAD8AC}.Debug|Any CPU.Build.0 = Debug|Any CPU
		{ECDF3C02-5ECE-4A7E-AF6F-5D59AAFAD8AC}.Release|Any CPU.ActiveCfg = Release|Any CPU
		{ECDF3C02-5ECE-4A7E-AF6F-5D59AAFAD8AC}.Release|Any CPU.Build.0 = Release|Any CPU
		{ECDF3C02-5ECE-4A7E-AF6F-5D59AAFAD8AC}.Test|Any CPU.ActiveCfg = Debug|Any CPU
		{ECDF3C02-5ECE-4A7E-AF6F-5D59AAFAD8AC}.Test|Any CPU.Build.0 = Debug|Any CPU
		{16B555C0-A9A8-4F41-AD7B-6B5F7FD9E589}.Debug|Any CPU.ActiveCfg = Debug|Any CPU
		{16B555C0-A9A8-4F41-AD7B-6B5F7FD9E589}.Debug|Any CPU.Build.0 = Debug|Any CPU
		{16B555C0-A9A8-4F41-AD7B-6B5F7FD9E589}.Release|Any CPU.ActiveCfg = Release|Any CPU
		{16B555C0-A9A8-4F41-AD7B-6B5F7FD9E589}.Release|Any CPU.Build.0 = Release|Any CPU
		{16B555C0-A9A8-4F41-AD7B-6B5F7FD9E589}.Test|Any CPU.ActiveCfg = Debug|Any CPU
		{16B555C0-A9A8-4F41-AD7B-6B5F7FD9E589}.Test|Any CPU.Build.0 = Debug|Any CPU
		{DCE12B7D-A939-40DD-A944-4C62440C9E9B}.Debug|Any CPU.ActiveCfg = Debug|Any CPU
		{DCE12B7D-A939-40DD-A944-4C62440C9E9B}.Debug|Any CPU.Build.0 = Debug|Any CPU
		{DCE12B7D-A939-40DD-A944-4C62440C9E9B}.Release|Any CPU.ActiveCfg = Release|Any CPU
		{DCE12B7D-A939-40DD-A944-4C62440C9E9B}.Release|Any CPU.Build.0 = Release|Any CPU
		{DCE12B7D-A939-40DD-A944-4C62440C9E9B}.Test|Any CPU.ActiveCfg = Debug|Any CPU
		{DCE12B7D-A939-40DD-A944-4C62440C9E9B}.Test|Any CPU.Build.0 = Debug|Any CPU
		{DE73386E-5303-4EC1-89F9-F3E822206D1B}.Debug|Any CPU.ActiveCfg = Debug|Any CPU
		{DE73386E-5303-4EC1-89F9-F3E822206D1B}.Debug|Any CPU.Build.0 = Debug|Any CPU
		{DE73386E-5303-4EC1-89F9-F3E822206D1B}.Release|Any CPU.ActiveCfg = Release|Any CPU
		{DE73386E-5303-4EC1-89F9-F3E822206D1B}.Release|Any CPU.Build.0 = Release|Any CPU
		{DE73386E-5303-4EC1-89F9-F3E822206D1B}.Test|Any CPU.ActiveCfg = Debug|Any CPU
		{DE73386E-5303-4EC1-89F9-F3E822206D1B}.Test|Any CPU.Build.0 = Debug|Any CPU
		{224351A8-4430-4996-9464-D4A205D273DA}.Debug|Any CPU.ActiveCfg = Debug|Any CPU
		{224351A8-4430-4996-9464-D4A205D273DA}.Debug|Any CPU.Build.0 = Debug|Any CPU
		{224351A8-4430-4996-9464-D4A205D273DA}.Release|Any CPU.ActiveCfg = Release|Any CPU
		{224351A8-4430-4996-9464-D4A205D273DA}.Release|Any CPU.Build.0 = Release|Any CPU
		{224351A8-4430-4996-9464-D4A205D273DA}.Test|Any CPU.ActiveCfg = Debug|Any CPU
		{224351A8-4430-4996-9464-D4A205D273DA}.Test|Any CPU.Build.0 = Debug|Any CPU
		{D52ECD55-9CC9-4EF1-A0CE-286EDC5E991F}.Debug|Any CPU.ActiveCfg = Debug|Any CPU
		{D52ECD55-9CC9-4EF1-A0CE-286EDC5E991F}.Debug|Any CPU.Build.0 = Debug|Any CPU
		{D52ECD55-9CC9-4EF1-A0CE-286EDC5E991F}.Release|Any CPU.ActiveCfg = Release|Any CPU
		{D52ECD55-9CC9-4EF1-A0CE-286EDC5E991F}.Release|Any CPU.Build.0 = Release|Any CPU
		{D52ECD55-9CC9-4EF1-A0CE-286EDC5E991F}.Test|Any CPU.ActiveCfg = Release|Any CPU
		{D52ECD55-9CC9-4EF1-A0CE-286EDC5E991F}.Test|Any CPU.Build.0 = Release|Any CPU
	EndGlobalSection
	GlobalSection(SolutionProperties) = preSolution
		HideSolutionNode = FALSE
	EndGlobalSection
	GlobalSection(ExtensibilityGlobals) = postSolution
		SolutionGuid = {09937E04-4B0D-4F77-AAFB-6F8397F7D2D4}
	EndGlobalSection
EndGlobal
